
Microsoft Visual Studio Solution File, Format Version 12.00
# Visual Studio Version 17
VisualStudioVersion = 17.10.35027.167
MinimumVisualStudioVersion = 10.0.40219.1
Project("{FAE04EC0-301F-11D3-BF4B-00C04F79EFBC}") = "dnd_helper_backend", "dnd_helper_backend\dnd_helper_backend.csproj", "{324C6D8B-D798-46F5-B44C-2666A8CB5F33}"
EndProject
Global
	GlobalSection(SolutionConfigurationPlatforms) = preSolution
		Debug|Any CPU = Debug|Any CPU
		Release|Any CPU = Release|Any CPU
	EndGlobalSection
	GlobalSection(ProjectConfigurationPlatforms) = postSolution
		{324C6D8B-D798-46F5-B44C-2666A8CB5F33}.Debug|Any CPU.ActiveCfg = Debug|Any CPU
		{324C6D8B-D798-46F5-B44C-2666A8CB5F33}.Debug|Any CPU.Build.0 = Debug|Any CPU
		{324C6D8B-D798-46F5-B44C-2666A8CB5F33}.Release|Any CPU.ActiveCfg = Release|Any CPU
		{324C6D8B-D798-46F5-B44C-2666A8CB5F33}.Release|Any CPU.Build.0 = Release|Any CPU
	EndGlobalSection
	GlobalSection(SolutionProperties) = preSolution
		HideSolutionNode = FALSE
	EndGlobalSection
	GlobalSection(ExtensibilityGlobals) = postSolution
		SolutionGuid = {7E01C4F5-148A-48CA-AC2D-6668DA51857E}
	EndGlobalSection
EndGlobal
